
Microsoft Visual Studio Solution File, Format Version 12.00
# Visual Studio Version 16
VisualStudioVersion = 16.0.30204.135
MinimumVisualStudioVersion = 10.0.40219.1
Project("{FAE04EC0-301F-11D3-BF4B-00C04F79EFBC}") = "ConsoleApp_PromotionEngine", "ConsoleApp_PromotionEngine.csproj", "{4116D78C-E92A-443E-A8E4-5FA63CB60B9A}"
EndProject
Project("{FAE04EC0-301F-11D3-BF4B-00C04F79EFBC}") = "UnitTestPromotionEngine", "UnitTestPromotionEngine\UnitTestPromotionEngine.csproj", "{A4ED7075-3781-4F3B-90EC-2C4A7EFF3061}"
EndProject
Global
	GlobalSection(SolutionConfigurationPlatforms) = preSolution
		Debug|Any CPU = Debug|Any CPU
		Release|Any CPU = Release|Any CPU
	EndGlobalSection
	GlobalSection(ProjectConfigurationPlatforms) = postSolution
		{4116D78C-E92A-443E-A8E4-5FA63CB60B9A}.Debug|Any CPU.ActiveCfg = Debug|Any CPU
		{4116D78C-E92A-443E-A8E4-5FA63CB60B9A}.Debug|Any CPU.Build.0 = Debug|Any CPU
		{4116D78C-E92A-443E-A8E4-5FA63CB60B9A}.Release|Any CPU.ActiveCfg = Release|Any CPU
		{4116D78C-E92A-443E-A8E4-5FA63CB60B9A}.Release|Any CPU.Build.0 = Release|Any CPU
		{A4ED7075-3781-4F3B-90EC-2C4A7EFF3061}.Debug|Any CPU.ActiveCfg = Debug|Any CPU
		{A4ED7075-3781-4F3B-90EC-2C4A7EFF3061}.Debug|Any CPU.Build.0 = Debug|Any CPU
		{A4ED7075-3781-4F3B-90EC-2C4A7EFF3061}.Release|Any CPU.ActiveCfg = Release|Any CPU
		{A4ED7075-3781-4F3B-90EC-2C4A7EFF3061}.Release|Any CPU.Build.0 = Release|Any CPU
	EndGlobalSection
	GlobalSection(SolutionProperties) = preSolution
		HideSolutionNode = FALSE
	EndGlobalSection
	GlobalSection(ExtensibilityGlobals) = postSolution
		SolutionGuid = {8C610D32-3AD1-43B6-927A-9FA720005EC5}
	EndGlobalSection
EndGlobal
